// !$*UTF8*$!
{
	archiveVersion = 1;
	classes = {
	};
	objectVersion = 48;
	objects = {

/* Begin PBXBuildFile section */
		C90218E91FC16B500089CCBE /* AppDelegate.swift in Sources */ = {isa = PBXBuildFile; fileRef = C90218E81FC16B500089CCBE /* AppDelegate.swift */; };
		C90218EB1FC16B500089CCBE /* ViewController.swift in Sources */ = {isa = PBXBuildFile; fileRef = C90218EA1FC16B500089CCBE /* ViewController.swift */; };
		C90218EE1FC16B500089CCBE /* Main.storyboard in Resources */ = {isa = PBXBuildFile; fileRef = C90218EC1FC16B500089CCBE /* Main.storyboard */; };
		C90218F01FC16B500089CCBE /* Assets.xcassets in Resources */ = {isa = PBXBuildFile; fileRef = C90218EF1FC16B500089CCBE /* Assets.xcassets */; };
		C90218F31FC16B500089CCBE /* LaunchScreen.storyboard in Resources */ = {isa = PBXBuildFile; fileRef = C90218F11FC16B500089CCBE /* LaunchScreen.storyboard */; };
		C90218FD1FC16C6E0089CCBE /* GridView.m in Sources */ = {isa = PBXBuildFile; fileRef = C90218FC1FC16C6E0089CCBE /* GridView.m */; };
		C981658A1FC16E310048227A /* Texture2D.m in Sources */ = {isa = PBXBuildFile; fileRef = C98165891FC16E300048227A /* Texture2D.m */; };
/* End PBXBuildFile section */

/* Begin PBXFileReference section */
		C90218E51FC16B500089CCBE /* Tiled.app */ = {isa = PBXFileReference; explicitFileType = wrapper.application; includeInIndex = 0; path = Tiled.app; sourceTree = BUILT_PRODUCTS_DIR; };
		C90218E81FC16B500089CCBE /* AppDelegate.swift */ = {isa = PBXFileReference; lastKnownFileType = sourcecode.swift; path = AppDelegate.swift; sourceTree = "<group>"; };
		C90218EA1FC16B500089CCBE /* ViewController.swift */ = {isa = PBXFileReference; lastKnownFileType = sourcecode.swift; path = ViewController.swift; sourceTree = "<group>"; };
		C90218ED1FC16B500089CCBE /* Base */ = {isa = PBXFileReference; lastKnownFileType = file.storyboard; name = Base; path = Base.lproj/Main.storyboard; sourceTree = "<group>"; };
		C90218EF1FC16B500089CCBE /* Assets.xcassets */ = {isa = PBXFileReference; lastKnownFileType = folder.assetcatalog; path = Assets.xcassets; sourceTree = "<group>"; };
		C90218F21FC16B500089CCBE /* Base */ = {isa = PBXFileReference; lastKnownFileType = file.storyboard; name = Base; path = Base.lproj/LaunchScreen.storyboard; sourceTree = "<group>"; };
		C90218F41FC16B500089CCBE /* Info.plist */ = {isa = PBXFileReference; lastKnownFileType = text.plist.xml; path = Info.plist; sourceTree = "<group>"; };
		C90218FA1FC16C6D0089CCBE /* Tiled-Bridging-Header.h */ = {isa = PBXFileReference; lastKnownFileType = sourcecode.c.h; path = "Tiled-Bridging-Header.h"; sourceTree = "<group>"; };
		C90218FB1FC16C6E0089CCBE /* GridView.h */ = {isa = PBXFileReference; fileEncoding = 4; lastKnownFileType = sourcecode.c.h; path = GridView.h; sourceTree = "<group>"; };
		C90218FC1FC16C6E0089CCBE /* GridView.m */ = {isa = PBXFileReference; fileEncoding = 4; lastKnownFileType = sourcecode.c.objc; path = GridView.m; sourceTree = "<group>"; };
		C98165881FC16E300048227A /* Texture2D.h */ = {isa = PBXFileReference; fileEncoding = 4; lastKnownFileType = sourcecode.c.h; path = Texture2D.h; sourceTree = "<group>"; };
		C98165891FC16E300048227A /* Texture2D.m */ = {isa = PBXFileReference; fileEncoding = 4; lastKnownFileType = sourcecode.c.objc; path = Texture2D.m; sourceTree = "<group>"; };
/* End PBXFileReference section */

/* Begin PBXFrameworksBuildPhase section */
		C90218E21FC16B500089CCBE /* Frameworks */ = {
			isa = PBXFrameworksBuildPhase;
			buildActionMask = 2147483647;
			files = (
			);
			runOnlyForDeploymentPostprocessing = 0;
		};
/* End PBXFrameworksBuildPhase section */

/* Begin PBXGroup section */
		C90218DC1FC16B500089CCBE = {
			isa = PBXGroup;
			children = (
				C90218E71FC16B500089CCBE /* Tiled */,
				C90218E61FC16B500089CCBE /* Products */,
			);
			sourceTree = "<group>";
		};
		C90218E61FC16B500089CCBE /* Products */ = {
			isa = PBXGroup;
			children = (
				C90218E51FC16B500089CCBE /* Tiled.app */,
			);
			name = Products;
			sourceTree = "<group>";
		};
		C90218E71FC16B500089CCBE /* Tiled */ = {
			isa = PBXGroup;
			children = (
				C98165881FC16E300048227A /* Texture2D.h */,
				C98165891FC16E300048227A /* Texture2D.m */,
				C90218FB1FC16C6E0089CCBE /* GridView.h */,
				C90218FC1FC16C6E0089CCBE /* GridView.m */,
				C90218E81FC16B500089CCBE /* AppDelegate.swift */,
				C90218EA1FC16B500089CCBE /* ViewController.swift */,
				C90218EC1FC16B500089CCBE /* Main.storyboard */,
				C90218EF1FC16B500089CCBE /* Assets.xcassets */,
				C90218F11FC16B500089CCBE /* LaunchScreen.storyboard */,
				C90218F41FC16B500089CCBE /* Info.plist */,
				C90218FA1FC16C6D0089CCBE /* Tiled-Bridging-Header.h */,
			);
			path = Tiled;
			sourceTree = "<group>";
		};
/* End PBXGroup section */

/* Begin PBXNativeTarget section */
		C90218E41FC16B500089CCBE /* Tiled */ = {
			isa = PBXNativeTarget;
			buildConfigurationList = C90218F71FC16B500089CCBE /* Build configuration list for PBXNativeTarget "Tiled" */;
			buildPhases = (
				C90218E11FC16B500089CCBE /* Sources */,
				C90218E21FC16B500089CCBE /* Frameworks */,
				C90218E31FC16B500089CCBE /* Resources */,
			);
			buildRules = (
			);
			dependencies = (
			);
			name = Tiled;
			productName = Tiled;
			productReference = C90218E51FC16B500089CCBE /* Tiled.app */;
			productType = "com.apple.product-type.application";
		};
/* End PBXNativeTarget section */

/* Begin PBXProject section */
		C90218DD1FC16B500089CCBE /* Project object */ = {
			isa = PBXProject;
			attributes = {
				LastSwiftUpdateCheck = 0910;
				LastUpgradeCheck = 0910;
				ORGANIZATIONNAME = "Serious Sandbox";
				TargetAttributes = {
					C90218E41FC16B500089CCBE = {
						CreatedOnToolsVersion = 9.1;
						LastSwiftMigration = 0910;
						ProvisioningStyle = Automatic;
					};
				};
			};
			buildConfigurationList = C90218E01FC16B500089CCBE /* Build configuration list for PBXProject "Tiled" */;
			compatibilityVersion = "Xcode 8.0";
			developmentRegion = en;
			hasScannedForEncodings = 0;
			knownRegions = (
				en,
				Base,
			);
			mainGroup = C90218DC1FC16B500089CCBE;
			productRefGroup = C90218E61FC16B500089CCBE /* Products */;
			projectDirPath = "";
			projectRoot = "";
			targets = (
				C90218E41FC16B500089CCBE /* Tiled */,
			);
		};
/* End PBXProject section */

/* Begin PBXResourcesBuildPhase section */
		C90218E31FC16B500089CCBE /* Resources */ = {
			isa = PBXResourcesBuildPhase;
			buildActionMask = 2147483647;
			files = (
				C90218F31FC16B500089CCBE /* LaunchScreen.storyboard in Resources */,
				C90218F01FC16B500089CCBE /* Assets.xcassets in Resources */,
				C90218EE1FC16B500089CCBE /* Main.storyboard in Resources */,
			);
			runOnlyForDeploymentPostprocessing = 0;
		};
/* End PBXResourcesBuildPhase section */

/* Begin PBXSourcesBuildPhase section */
		C90218E11FC16B500089CCBE /* Sources */ = {
			isa = PBXSourcesBuildPhase;
			buildActionMask = 2147483647;
			files = (
				C90218FD1FC16C6E0089CCBE /* GridView.m in Sources */,
				C981658A1FC16E310048227A /* Texture2D.m in Sources */,
				C90218EB1FC16B500089CCBE /* ViewController.swift in Sources */,
				C90218E91FC16B500089CCBE /* AppDelegate.swift in Sources */,
			);
			runOnlyForDeploymentPostprocessing = 0;
		};
/* End PBXSourcesBuildPhase section */

/* Begin PBXVariantGroup section */
		C90218EC1FC16B500089CCBE /* Main.storyboard */ = {
			isa = PBXVariantGroup;
			children = (
				C90218ED1FC16B500089CCBE /* Base */,
			);
			name = Main.storyboard;
			sourceTree = "<group>";
		};
		C90218F11FC16B500089CCBE /* LaunchScreen.storyboard */ = {
			isa = PBXVariantGroup;
			children = (
				C90218F21FC16B500089CCBE /* Base */,
			);
			name = LaunchScreen.storyboard;
			sourceTree = "<group>";
		};
/* End PBXVariantGroup section */

/* Begin XCBuildConfiguration section */
		C90218F51FC16B500089CCBE /* Debug */ = {
			isa = XCBuildConfiguration;
			buildSettings = {
				ALWAYS_SEARCH_USER_PATHS = NO;
				CLANG_ANALYZER_NONNULL = YES;
				CLANG_ANALYZER_NUMBER_OBJECT_CONVERSION = YES_AGGRESSIVE;
				CLANG_CXX_LANGUAGE_STANDARD = "gnu++14";
				CLANG_CXX_LIBRARY = "libc++";
				CLANG_ENABLE_MODULES = YES;
				CLANG_ENABLE_OBJC_ARC = YES;
				CLANG_WARN_BLOCK_CAPTURE_AUTORELEASING = YES;
				CLANG_WARN_BOOL_CONVERSION = YES;
				CLANG_WARN_COMMA = YES;
				CLANG_WARN_CONSTANT_CONVERSION = YES;
				CLANG_WARN_DIRECT_OBJC_ISA_USAGE = YES_ERROR;
				CLANG_WARN_DOCUMENTATION_COMMENTS = YES;
				CLANG_WARN_EMPTY_BODY = YES;
				CLANG_WARN_ENUM_CONVERSION = YES;
				CLANG_WARN_INFINITE_RECURSION = YES;
				CLANG_WARN_INT_CONVERSION = YES;
				CLANG_WARN_NON_LITERAL_NULL_CONVERSION = YES;
				CLANG_WARN_OBJC_LITERAL_CONVERSION = YES;
				CLANG_WARN_OBJC_ROOT_CLASS = YES_ERROR;
				CLANG_WARN_RANGE_LOOP_ANALYSIS = YES;
				CLANG_WARN_STRICT_PROTOTYPES = YES;
				CLANG_WARN_SUSPICIOUS_MOVE = YES;
				CLANG_WARN_UNGUARDED_AVAILABILITY = YES_AGGRESSIVE;
				CLANG_WARN_UNREACHABLE_CODE = YES;
				CLANG_WARN__DUPLICATE_METHOD_MATCH = YES;
				CODE_SIGN_IDENTITY = "iPhone Developer";
				COPY_PHASE_STRIP = NO;
				DEBUG_INFORMATION_FORMAT = dwarf;
				ENABLE_STRICT_OBJC_MSGSEND = YES;
				ENABLE_TESTABILITY = YES;
				GCC_C_LANGUAGE_STANDARD = gnu11;
				GCC_DYNAMIC_NO_PIC = NO;
				GCC_NO_COMMON_BLOCKS = YES;
				GCC_OPTIMIZATION_LEVEL = 0;
				GCC_PREPROCESSOR_DEFINITIONS = (
					"DEBUG=1",
					"$(inherited)",
				);
				GCC_WARN_64_TO_32_BIT_CONVERSION = YES;
				GCC_WARN_ABOUT_RETURN_TYPE = YES_ERROR;
				GCC_WARN_UNDECLARED_SELECTOR = YES;
				GCC_WARN_UNINITIALIZED_AUTOS = YES_AGGRESSIVE;
				GCC_WARN_UNUSED_FUNCTION = YES;
				GCC_WARN_UNUSED_VARIABLE = YES;
				IPHONEOS_DEPLOYMENT_TARGET = 11.1;
				MTL_ENABLE_DEBUG_INFO = YES;
				ONLY_ACTIVE_ARCH = YES;
				SDKROOT = iphoneos;
				SWIFT_ACTIVE_COMPILATION_CONDITIONS = DEBUG;
				SWIFT_OPTIMIZATION_LEVEL = "-Onone";
			};
			name = Debug;
		};
		C90218F61FC16B500089CCBE /* Release */ = {
			isa = XCBuildConfiguration;
			buildSettings = {
				ALWAYS_SEARCH_USER_PATHS = NO;
				CLANG_ANALYZER_NONNULL = YES;
				CLANG_ANALYZER_NUMBER_OBJECT_CONVERSION = YES_AGGRESSIVE;
				CLANG_CXX_LANGUAGE_STANDARD = "gnu++14";
				CLANG_CXX_LIBRARY = "libc++";
				CLANG_ENABLE_MODULES = YES;
				CLANG_ENABLE_OBJC_ARC = YES;
				CLANG_WARN_BLOCK_CAPTURE_AUTORELEASING = YES;
				CLANG_WARN_BOOL_CONVERSION = YES;
				CLANG_WARN_COMMA = YES;
				CLANG_WARN_CONSTANT_CONVERSION = YES;
				CLANG_WARN_DIRECT_OBJC_ISA_USAGE = YES_ERROR;
				CLANG_WARN_DOCUMENTATION_COMMENTS = YES;
				CLANG_WARN_EMPTY_BODY = YES;
				CLANG_WARN_ENUM_CONVERSION = YES;
				CLANG_WARN_INFINITE_RECURSION = YES;
				CLANG_WARN_INT_CONVERSION = YES;
				CLANG_WARN_NON_LITERAL_NULL_CONVERSION = YES;
				CLANG_WARN_OBJC_LITERAL_CONVERSION = YES;
				CLANG_WARN_OBJC_ROOT_CLASS = YES_ERROR;
				CLANG_WARN_RANGE_LOOP_ANALYSIS = YES;
				CLANG_WARN_STRICT_PROTOTYPES = YES;
				CLANG_WARN_SUSPICIOUS_MOVE = YES;
				CLANG_WARN_UNGUARDED_AVAILABILITY = YES_AGGRESSIVE;
				CLANG_WARN_UNREACHABLE_CODE = YES;
				CLANG_WARN__DUPLICATE_METHOD_MATCH = YES;
				CODE_SIGN_IDENTITY = "iPhone Developer";
				COPY_PHASE_STRIP = NO;
				DEBUG_INFORMATION_FORMAT = "dwarf-with-dsym";
				ENABLE_NS_ASSERTIONS = NO;
				ENABLE_STRICT_OBJC_MSGSEND = YES;
				GCC_C_LANGUAGE_STANDARD = gnu11;
				GCC_NO_COMMON_BLOCKS = YES;
				GCC_WARN_64_TO_32_BIT_CONVERSION = YES;
				GCC_WARN_ABOUT_RETURN_TYPE = YES_ERROR;
				GCC_WARN_UNDECLARED_SELECTOR = YES;
				GCC_WARN_UNINITIALIZED_AUTOS = YES_AGGRESSIVE;
				GCC_WARN_UNUSED_FUNCTION = YES;
				GCC_WARN_UNUSED_VARIABLE = YES;
				IPHONEOS_DEPLOYMENT_TARGET = 11.1;
				MTL_ENABLE_DEBUG_INFO = NO;
				SDKROOT = iphoneos;
				SWIFT_OPTIMIZATION_LEVEL = "-Owholemodule";
				VALIDATE_PRODUCT = YES;
			};
			name = Release;
		};
		C90218F81FC16B500089CCBE /* Debug */ = {
			isa = XCBuildConfiguration;
			buildSettings = {
				ASSETCATALOG_COMPILER_APPICON_NAME = AppIcon;
				CLANG_ENABLE_MODULES = YES;
				CODE_SIGN_STYLE = Automatic;
				DEVELOPMENT_TEAM = T9HAK7CXKV;
				INFOPLIST_FILE = Tiled/Info.plist;
				LD_RUNPATH_SEARCH_PATHS = "$(inherited) @executable_path/Frameworks";
				PRODUCT_BUNDLE_IDENTIFIER = com.serioussandbox.Tiled;
				PRODUCT_NAME = "$(TARGET_NAME)";
				SWIFT_OBJC_BRIDGING_HEADER = "Tiled/Tiled-Bridging-Header.h";
				SWIFT_OPTIMIZATION_LEVEL = "-Onone";
				SWIFT_VERSION = 4.0;
				TARGETED_DEVICE_FAMILY = "1,2";
			};
			name = Debug;
		};
		C90218F91FC16B500089CCBE /* Release */ = {
			isa = XCBuildConfiguration;
			buildSettings = {
				ASSETCATALOG_COMPILER_APPICON_NAME = AppIcon;
				CLANG_ENABLE_MODULES = YES;
				CODE_SIGN_STYLE = Automatic;
				DEVELOPMENT_TEAM = T9HAK7CXKV;
				INFOPLIST_FILE = Tiled/Info.plist;
				LD_RUNPATH_SEARCH_PATHS = "$(inherited) @executable_path/Frameworks";
				PRODUCT_BUNDLE_IDENTIFIER = com.serioussandbox.Tiled;
				PRODUCT_NAME = "$(TARGET_NAME)";
				SWIFT_OBJC_BRIDGING_HEADER = "Tiled/Tiled-Bridging-Header.h";
				SWIFT_VERSION = 4.0;
				TARGETED_DEVICE_FAMILY = "1,2";
			};
			name = Release;
		};
/* End XCBuildConfiguration section */

/* Begin XCConfigurationList section */
		C90218E01FC16B500089CCBE /* Build configuration list for PBXProject "Tiled" */ = {
			isa = XCConfigurationList;
			buildConfigurations = (
				C90218F51FC16B500089CCBE /* Debug */,
				C90218F61FC16B500089CCBE /* Release */,
			);
			defaultConfigurationIsVisible = 0;
			defaultConfigurationName = Release;
		};
		C90218F71FC16B500089CCBE /* Build configuration list for PBXNativeTarget "Tiled" */ = {
			isa = XCConfigurationList;
			buildConfigurations = (
				C90218F81FC16B500089CCBE /* Debug */,
				C90218F91FC16B500089CCBE /* Release */,
			);
			defaultConfigurationIsVisible = 0;
			defaultConfigurationName = Release;
		};
/* End XCConfigurationList section */
	};
	rootObject = C90218DD1FC16B500089CCBE /* Project object */;
}
